{
  "version": "3",
  "packages": {
    "specifiers": {
      "jsr:@maxim-mazurok/sax-ts@1.2.13": "jsr:@maxim-mazurok/sax-ts@1.2.13",
      "jsr:@mikaelporttila/rss@1.1.1": "jsr:@mikaelporttila/rss@1.1.1"
    },
    "jsr": {
      "@maxim-mazurok/sax-ts@1.2.13": {
        "integrity": "9f2f9a3ac1b142400940a4c9e916656fe63d4710a78102aeb8e08e863de2c76d"
      },
      "@mikaelporttila/rss@1.1.1": {
        "integrity": "f07d7a5a269398f00efd6913d14a92defa55bcb66a4de196a5a5c99ec9df4b8b",
        "dependencies": [
          "jsr:@maxim-mazurok/sax-ts@1.2.13"
        ]
      }
    }
  },
  "remote": {},
  "workspace": {
    "dependencies": [
      "jsr:@mikaelporttila/rss@1.1.1"
    ]
  }
}
